// !$*UTF8*$!
{
	archiveVersion = 1;
	classes = {
	};
	objectVersion = 48;
	objects = {

/* Begin PBXBuildFile section */
		91F22684204A19B100663191 /* AppDelegate.swift in Sources */ = {isa = PBXBuildFile; fileRef = 91F22683204A19B100663191 /* AppDelegate.swift */; };
		91F22686204A19B100663191 /* ViewController.swift in Sources */ = {isa = PBXBuildFile; fileRef = 91F22685204A19B100663191 /* ViewController.swift */; };
		91F22689204A19B100663191 /* Main.storyboard in Resources */ = {isa = PBXBuildFile; fileRef = 91F22687204A19B100663191 /* Main.storyboard */; };
		91F2268B204A19B100663191 /* Assets.xcassets in Resources */ = {isa = PBXBuildFile; fileRef = 91F2268A204A19B100663191 /* Assets.xcassets */; };
		91F2268E204A19B100663191 /* LaunchScreen.storyboard in Resources */ = {isa = PBXBuildFile; fileRef = 91F2268C204A19B100663191 /* LaunchScreen.storyboard */; };
		91F22699204A19B100663191 /* SimpleFormTests.swift in Sources */ = {isa = PBXBuildFile; fileRef = 91F22698204A19B100663191 /* SimpleFormTests.swift */; };
		91F226A4204A19B100663191 /* SimpleFormUITests.swift in Sources */ = {isa = PBXBuildFile; fileRef = 91F226A3204A19B100663191 /* SimpleFormUITests.swift */; };
/* End PBXBuildFile section */

/* Begin PBXContainerItemProxy section */
		91F22695204A19B100663191 /* PBXContainerItemProxy */ = {
			isa = PBXContainerItemProxy;
			containerPortal = 91F22678204A19B100663191 /* Project object */;
			proxyType = 1;
			remoteGlobalIDString = 91F2267F204A19B100663191;
			remoteInfo = SimpleForm;
		};
		91F226A0204A19B100663191 /* PBXContainerItemProxy */ = {
			isa = PBXContainerItemProxy;
			containerPortal = 91F22678204A19B100663191 /* Project object */;
			proxyType = 1;
			remoteGlobalIDString = 91F2267F204A19B100663191;
			remoteInfo = SimpleForm;
		};
/* End PBXContainerItemProxy section */

/* Begin PBXFileReference section */
		91F22680204A19B100663191 /* SimpleForm.app */ = {isa = PBXFileReference; explicitFileType = wrapper.application; includeInIndex = 0; path = SimpleForm.app; sourceTree = BUILT_PRODUCTS_DIR; };
		91F22683204A19B100663191 /* AppDelegate.swift */ = {isa = PBXFileReference; lastKnownFileType = sourcecode.swift; path = AppDelegate.swift; sourceTree = "<group>"; };
		91F22685204A19B100663191 /* ViewController.swift */ = {isa = PBXFileReference; lastKnownFileType = sourcecode.swift; path = ViewController.swift; sourceTree = "<group>"; };
		91F22688204A19B100663191 /* Base */ = {isa = PBXFileReference; lastKnownFileType = file.storyboard; name = Base; path = Base.lproj/Main.storyboard; sourceTree = "<group>"; };
		91F2268A204A19B100663191 /* Assets.xcassets */ = {isa = PBXFileReference; lastKnownFileType = folder.assetcatalog; path = Assets.xcassets; sourceTree = "<group>"; };
		91F2268D204A19B100663191 /* Base */ = {isa = PBXFileReference; lastKnownFileType = file.storyboard; name = Base; path = Base.lproj/LaunchScreen.storyboard; sourceTree = "<group>"; };
		91F2268F204A19B100663191 /* Info.plist */ = {isa = PBXFileReference; lastKnownFileType = text.plist.xml; path = Info.plist; sourceTree = "<group>"; };
		91F22694204A19B100663191 /* SimpleFormTests.xctest */ = {isa = PBXFileReference; explicitFileType = wrapper.cfbundle; includeInIndex = 0; path = SimpleFormTests.xctest; sourceTree = BUILT_PRODUCTS_DIR; };
		91F22698204A19B100663191 /* SimpleFormTests.swift */ = {isa = PBXFileReference; lastKnownFileType = sourcecode.swift; path = SimpleFormTests.swift; sourceTree = "<group>"; };
		91F2269A204A19B100663191 /* Info.plist */ = {isa = PBXFileReference; lastKnownFileType = text.plist.xml; path = Info.plist; sourceTree = "<group>"; };
		91F2269F204A19B100663191 /* SimpleFormUITests.xctest */ = {isa = PBXFileReference; explicitFileType = wrapper.cfbundle; includeInIndex = 0; path = SimpleFormUITests.xctest; sourceTree = BUILT_PRODUCTS_DIR; };
		91F226A3204A19B100663191 /* SimpleFormUITests.swift */ = {isa = PBXFileReference; lastKnownFileType = sourcecode.swift; path = SimpleFormUITests.swift; sourceTree = "<group>"; };
		91F226A5204A19B100663191 /* Info.plist */ = {isa = PBXFileReference; lastKnownFileType = text.plist.xml; path = Info.plist; sourceTree = "<group>"; };
/* End PBXFileReference section */

/* Begin PBXFrameworksBuildPhase section */
		91F2267D204A19B100663191 /* Frameworks */ = {
			isa = PBXFrameworksBuildPhase;
			buildActionMask = 2147483647;
			files = (
			);
			runOnlyForDeploymentPostprocessing = 0;
		};
		91F22691204A19B100663191 /* Frameworks */ = {
			isa = PBXFrameworksBuildPhase;
			buildActionMask = 2147483647;
			files = (
			);
			runOnlyForDeploymentPostprocessing = 0;
		};
		91F2269C204A19B100663191 /* Frameworks */ = {
			isa = PBXFrameworksBuildPhase;
			buildActionMask = 2147483647;
			files = (
			);
			runOnlyForDeploymentPostprocessing = 0;
		};
/* End PBXFrameworksBuildPhase section */

/* Begin PBXGroup section */
		91F22677204A19B100663191 = {
			isa = PBXGroup;
			children = (
				91F22682204A19B100663191 /* SimpleForm */,
				91F22697204A19B100663191 /* SimpleFormTests */,
				91F226A2204A19B100663191 /* SimpleFormUITests */,
				91F22681204A19B100663191 /* Products */,
			);
			sourceTree = "<group>";
		};
		91F22681204A19B100663191 /* Products */ = {
			isa = PBXGroup;
			children = (
				91F22680204A19B100663191 /* SimpleForm.app */,
				91F22694204A19B100663191 /* SimpleFormTests.xctest */,
				91F2269F204A19B100663191 /* SimpleFormUITests.xctest */,
			);
			name = Products;
			sourceTree = "<group>";
		};
		91F22682204A19B100663191 /* SimpleForm */ = {
			isa = PBXGroup;
			children = (
				91F22683204A19B100663191 /* AppDelegate.swift */,
				91F22685204A19B100663191 /* ViewController.swift */,
				91F22687204A19B100663191 /* Main.storyboard */,
				91F2268A204A19B100663191 /* Assets.xcassets */,
				91F2268C204A19B100663191 /* LaunchScreen.storyboard */,
				91F2268F204A19B100663191 /* Info.plist */,
			);
			path = SimpleForm;
			sourceTree = "<group>";
		};
		91F22697204A19B100663191 /* SimpleFormTests */ = {
			isa = PBXGroup;
			children = (
				91F22698204A19B100663191 /* SimpleFormTests.swift */,
				91F2269A204A19B100663191 /* Info.plist */,
			);
			path = SimpleFormTests;
			sourceTree = "<group>";
		};
		91F226A2204A19B100663191 /* SimpleFormUITests */ = {
			isa = PBXGroup;
			children = (
				91F226A3204A19B100663191 /* SimpleFormUITests.swift */,
				91F226A5204A19B100663191 /* Info.plist */,
			);
			path = SimpleFormUITests;
			sourceTree = "<group>";
		};
/* End PBXGroup section */

/* Begin PBXNativeTarget section */
		91F2267F204A19B100663191 /* SimpleForm */ = {
			isa = PBXNativeTarget;
			buildConfigurationList = 91F226A8204A19B100663191 /* Build configuration list for PBXNativeTarget "SimpleForm" */;
			buildPhases = (
				91F2267C204A19B100663191 /* Sources */,
				91F2267D204A19B100663191 /* Frameworks */,
				91F2267E204A19B100663191 /* Resources */,
			);
			buildRules = (
			);
			dependencies = (
			);
			name = SimpleForm;
			productName = SimpleForm;
			productReference = 91F22680204A19B100663191 /* SimpleForm.app */;
			productType = "com.apple.product-type.application";
		};
		91F22693204A19B100663191 /* SimpleFormTests */ = {
			isa = PBXNativeTarget;
			buildConfigurationList = 91F226AB204A19B100663191 /* Build configuration list for PBXNativeTarget "SimpleFormTests" */;
			buildPhases = (
				91F22690204A19B100663191 /* Sources */,
				91F22691204A19B100663191 /* Frameworks */,
				91F22692204A19B100663191 /* Resources */,
			);
			buildRules = (
			);
			dependencies = (
				91F22696204A19B100663191 /* PBXTargetDependency */,
			);
			name = SimpleFormTests;
			productName = SimpleFormTests;
			productReference = 91F22694204A19B100663191 /* SimpleFormTests.xctest */;
			productType = "com.apple.product-type.bundle.unit-test";
		};
		91F2269E204A19B100663191 /* SimpleFormUITests */ = {
			isa = PBXNativeTarget;
			buildConfigurationList = 91F226AE204A19B100663191 /* Build configuration list for PBXNativeTarget "SimpleFormUITests" */;
			buildPhases = (
				91F2269B204A19B100663191 /* Sources */,
				91F2269C204A19B100663191 /* Frameworks */,
				91F2269D204A19B100663191 /* Resources */,
			);
			buildRules = (
			);
			dependencies = (
				91F226A1204A19B100663191 /* PBXTargetDependency */,
			);
			name = SimpleFormUITests;
			productName = SimpleFormUITests;
			productReference = 91F2269F204A19B100663191 /* SimpleFormUITests.xctest */;
			productType = "com.apple.product-type.bundle.ui-testing";
		};
/* End PBXNativeTarget section */

/* Begin PBXProject section */
		91F22678204A19B100663191 /* Project object */ = {
			isa = PBXProject;
			attributes = {
				LastSwiftUpdateCheck = 0920;
				LastUpgradeCheck = 0920;
				ORGANIZATIONNAME = d182_sofia_d;
				TargetAttributes = {
					91F2267F204A19B100663191 = {
						CreatedOnToolsVersion = 9.2;
						ProvisioningStyle = Automatic;
					};
					91F22693204A19B100663191 = {
						CreatedOnToolsVersion = 9.2;
						ProvisioningStyle = Automatic;
						TestTargetID = 91F2267F204A19B100663191;
					};
					91F2269E204A19B100663191 = {
						CreatedOnToolsVersion = 9.2;
						ProvisioningStyle = Automatic;
						TestTargetID = 91F2267F204A19B100663191;
					};
				};
			};
			buildConfigurationList = 91F2267B204A19B100663191 /* Build configuration list for PBXProject "SimpleForm" */;
			compatibilityVersion = "Xcode 8.0";
			developmentRegion = en;
			hasScannedForEncodings = 0;
			knownRegions = (
				en,
				Base,
			);
			mainGroup = 91F22677204A19B100663191;
			productRefGroup = 91F22681204A19B100663191 /* Products */;
			projectDirPath = "";
			projectRoot = "";
			targets = (
				91F2267F204A19B100663191 /* SimpleForm */,
				91F22693204A19B100663191 /* SimpleFormTests */,
				91F2269E204A19B100663191 /* SimpleFormUITests */,
			);
		};
/* End PBXProject section */

/* Begin PBXResourcesBuildPhase section */
		91F2267E204A19B100663191 /* Resources */ = {
			isa = PBXResourcesBuildPhase;
			buildActionMask = 2147483647;
			files = (
				91F2268E204A19B100663191 /* LaunchScreen.storyboard in Resources */,
				91F2268B204A19B100663191 /* Assets.xcassets in Resources */,
				91F22689204A19B100663191 /* Main.storyboard in Resources */,
			);
			runOnlyForDeploymentPostprocessing = 0;
		};
		91F22692204A19B100663191 /* Resources */ = {
			isa = PBXResourcesBuildPhase;
			buildActionMask = 2147483647;
			files = (
			);
			runOnlyForDeploymentPostprocessing = 0;
		};
		91F2269D204A19B100663191 /* Resources */ = {
			isa = PBXResourcesBuildPhase;
			buildActionMask = 2147483647;
			files = (
			);
			runOnlyForDeploymentPostprocessing = 0;
		};
/* End PBXResourcesBuildPhase section */

/* Begin PBXSourcesBuildPhase section */
		91F2267C204A19B100663191 /* Sources */ = {
			isa = PBXSourcesBuildPhase;
			buildActionMask = 2147483647;
			files = (
				91F22686204A19B100663191 /* ViewController.swift in Sources */,
				91F22684204A19B100663191 /* AppDelegate.swift in Sources */,
			);
			runOnlyForDeploymentPostprocessing = 0;
		};
		91F22690204A19B100663191 /* Sources */ = {
			isa = PBXSourcesBuildPhase;
			buildActionMask = 2147483647;
			files = (
				91F22699204A19B100663191 /* SimpleFormTests.swift in Sources */,
			);
			runOnlyForDeploymentPostprocessing = 0;
		};
		91F2269B204A19B100663191 /* Sources */ = {
			isa = PBXSourcesBuildPhase;
			buildActionMask = 2147483647;
			files = (
				91F226A4204A19B100663191 /* SimpleFormUITests.swift in Sources */,
			);
			runOnlyForDeploymentPostprocessing = 0;
		};
/* End PBXSourcesBuildPhase section */

/* Begin PBXTargetDependency section */
		91F22696204A19B100663191 /* PBXTargetDependency */ = {
			isa = PBXTargetDependency;
			target = 91F2267F204A19B100663191 /* SimpleForm */;
			targetProxy = 91F22695204A19B100663191 /* PBXContainerItemProxy */;
		};
		91F226A1204A19B100663191 /* PBXTargetDependency */ = {
			isa = PBXTargetDependency;
			target = 91F2267F204A19B100663191 /* SimpleForm */;
			targetProxy = 91F226A0204A19B100663191 /* PBXContainerItemProxy */;
		};
/* End PBXTargetDependency section */

/* Begin PBXVariantGroup section */
		91F22687204A19B100663191 /* Main.storyboard */ = {
			isa = PBXVariantGroup;
			children = (
				91F22688204A19B100663191 /* Base */,
			);
			name = Main.storyboard;
			sourceTree = "<group>";
		};
		91F2268C204A19B100663191 /* LaunchScreen.storyboard */ = {
			isa = PBXVariantGroup;
			children = (
				91F2268D204A19B100663191 /* Base */,
			);
			name = LaunchScreen.storyboard;
			sourceTree = "<group>";
		};
/* End PBXVariantGroup section */

/* Begin XCBuildConfiguration section */
		91F226A6204A19B100663191 /* Debug */ = {
			isa = XCBuildConfiguration;
			buildSettings = {
				ALWAYS_SEARCH_USER_PATHS = NO;
				CLANG_ANALYZER_NONNULL = YES;
				CLANG_ANALYZER_NUMBER_OBJECT_CONVERSION = YES_AGGRESSIVE;
				CLANG_CXX_LANGUAGE_STANDARD = "gnu++14";
				CLANG_CXX_LIBRARY = "libc++";
				CLANG_ENABLE_MODULES = YES;
				CLANG_ENABLE_OBJC_ARC = YES;
				CLANG_WARN_BLOCK_CAPTURE_AUTORELEASING = YES;
				CLANG_WARN_BOOL_CONVERSION = YES;
				CLANG_WARN_COMMA = YES;
				CLANG_WARN_CONSTANT_CONVERSION = YES;
				CLANG_WARN_DIRECT_OBJC_ISA_USAGE = YES_ERROR;
				CLANG_WARN_DOCUMENTATION_COMMENTS = YES;
				CLANG_WARN_EMPTY_BODY = YES;
				CLANG_WARN_ENUM_CONVERSION = YES;
				CLANG_WARN_INFINITE_RECURSION = YES;
				CLANG_WARN_INT_CONVERSION = YES;
				CLANG_WARN_NON_LITERAL_NULL_CONVERSION = YES;
				CLANG_WARN_OBJC_LITERAL_CONVERSION = YES;
				CLANG_WARN_OBJC_ROOT_CLASS = YES_ERROR;
				CLANG_WARN_RANGE_LOOP_ANALYSIS = YES;
				CLANG_WARN_STRICT_PROTOTYPES = YES;
				CLANG_WARN_SUSPICIOUS_MOVE = YES;
				CLANG_WARN_UNGUARDED_AVAILABILITY = YES_AGGRESSIVE;
				CLANG_WARN_UNREACHABLE_CODE = YES;
				CLANG_WARN__DUPLICATE_METHOD_MATCH = YES;
				CODE_SIGN_IDENTITY = "iPhone Developer";
				COPY_PHASE_STRIP = NO;
				DEBUG_INFORMATION_FORMAT = dwarf;
				ENABLE_STRICT_OBJC_MSGSEND = YES;
				ENABLE_TESTABILITY = YES;
				GCC_C_LANGUAGE_STANDARD = gnu11;
				GCC_DYNAMIC_NO_PIC = NO;
				GCC_NO_COMMON_BLOCKS = YES;
				GCC_OPTIMIZATION_LEVEL = 0;
				GCC_PREPROCESSOR_DEFINITIONS = (
					"DEBUG=1",
					"$(inherited)",
				);
				GCC_WARN_64_TO_32_BIT_CONVERSION = YES;
				GCC_WARN_ABOUT_RETURN_TYPE = YES_ERROR;
				GCC_WARN_UNDECLARED_SELECTOR = YES;
				GCC_WARN_UNINITIALIZED_AUTOS = YES_AGGRESSIVE;
				GCC_WARN_UNUSED_FUNCTION = YES;
				GCC_WARN_UNUSED_VARIABLE = YES;
				IPHONEOS_DEPLOYMENT_TARGET = 11.2;
				MTL_ENABLE_DEBUG_INFO = YES;
				ONLY_ACTIVE_ARCH = YES;
				SDKROOT = iphoneos;
				SWIFT_ACTIVE_COMPILATION_CONDITIONS = DEBUG;
				SWIFT_OPTIMIZATION_LEVEL = "-Onone";
			};
			name = Debug;
		};
		91F226A7204A19B100663191 /* Release */ = {
			isa = XCBuildConfiguration;
			buildSettings = {
				ALWAYS_SEARCH_USER_PATHS = NO;
				CLANG_ANALYZER_NONNULL = YES;
				CLANG_ANALYZER_NUMBER_OBJECT_CONVERSION = YES_AGGRESSIVE;
				CLANG_CXX_LANGUAGE_STANDARD = "gnu++14";
				CLANG_CXX_LIBRARY = "libc++";
				CLANG_ENABLE_MODULES = YES;
				CLANG_ENABLE_OBJC_ARC = YES;
				CLANG_WARN_BLOCK_CAPTURE_AUTORELEASING = YES;
				CLANG_WARN_BOOL_CONVERSION = YES;
				CLANG_WARN_COMMA = YES;
				CLANG_WARN_CONSTANT_CONVERSION = YES;
				CLANG_WARN_DIRECT_OBJC_ISA_USAGE = YES_ERROR;
				CLANG_WARN_DOCUMENTATION_COMMENTS = YES;
				CLANG_WARN_EMPTY_BODY = YES;
				CLANG_WARN_ENUM_CONVERSION = YES;
				CLANG_WARN_INFINITE_RECURSION = YES;
				CLANG_WARN_INT_CONVERSION = YES;
				CLANG_WARN_NON_LITERAL_NULL_CONVERSION = YES;
				CLANG_WARN_OBJC_LITERAL_CONVERSION = YES;
				CLANG_WARN_OBJC_ROOT_CLASS = YES_ERROR;
				CLANG_WARN_RANGE_LOOP_ANALYSIS = YES;
				CLANG_WARN_STRICT_PROTOTYPES = YES;
				CLANG_WARN_SUSPICIOUS_MOVE = YES;
				CLANG_WARN_UNGUARDED_AVAILABILITY = YES_AGGRESSIVE;
				CLANG_WARN_UNREACHABLE_CODE = YES;
				CLANG_WARN__DUPLICATE_METHOD_MATCH = YES;
				CODE_SIGN_IDENTITY = "iPhone Developer";
				COPY_PHASE_STRIP = NO;
				DEBUG_INFORMATION_FORMAT = "dwarf-with-dsym";
				ENABLE_NS_ASSERTIONS = NO;
				ENABLE_STRICT_OBJC_MSGSEND = YES;
				GCC_C_LANGUAGE_STANDARD = gnu11;
				GCC_NO_COMMON_BLOCKS = YES;
				GCC_WARN_64_TO_32_BIT_CONVERSION = YES;
				GCC_WARN_ABOUT_RETURN_TYPE = YES_ERROR;
				GCC_WARN_UNDECLARED_SELECTOR = YES;
				GCC_WARN_UNINITIALIZED_AUTOS = YES_AGGRESSIVE;
				GCC_WARN_UNUSED_FUNCTION = YES;
				GCC_WARN_UNUSED_VARIABLE = YES;
				IPHONEOS_DEPLOYMENT_TARGET = 11.2;
				MTL_ENABLE_DEBUG_INFO = NO;
				SDKROOT = iphoneos;
				SWIFT_OPTIMIZATION_LEVEL = "-Owholemodule";
				VALIDATE_PRODUCT = YES;
			};
			name = Release;
		};
		91F226A9204A19B100663191 /* Debug */ = {
			isa = XCBuildConfiguration;
			buildSettings = {
				ASSETCATALOG_COMPILER_APPICON_NAME = AppIcon;
				CODE_SIGN_STYLE = Automatic;
				INFOPLIST_FILE = SimpleForm/Info.plist;
				LD_RUNPATH_SEARCH_PATHS = "$(inherited) @executable_path/Frameworks";
				PRODUCT_BUNDLE_IDENTIFIER = com.soffph.SimpleForm;
				PRODUCT_NAME = "$(TARGET_NAME)";
				SWIFT_VERSION = 4.0;
				TARGETED_DEVICE_FAMILY = "1,2";
			};
			name = Debug;
		};
		91F226AA204A19B100663191 /* Release */ = {
			isa = XCBuildConfiguration;
			buildSettings = {
				ASSETCATALOG_COMPILER_APPICON_NAME = AppIcon;
				CODE_SIGN_STYLE = Automatic;
				INFOPLIST_FILE = SimpleForm/Info.plist;
				LD_RUNPATH_SEARCH_PATHS = "$(inherited) @executable_path/Frameworks";
				PRODUCT_BUNDLE_IDENTIFIER = com.soffph.SimpleForm;
				PRODUCT_NAME = "$(TARGET_NAME)";
				SWIFT_VERSION = 4.0;
				TARGETED_DEVICE_FAMILY = "1,2";
			};
			name = Release;
		};
		91F226AC204A19B100663191 /* Debug */ = {
			isa = XCBuildConfiguration;
			buildSettings = {
				ALWAYS_EMBED_SWIFT_STANDARD_LIBRARIES = YES;
				BUNDLE_LOADER = "$(TEST_HOST)";
				CODE_SIGN_STYLE = Automatic;
				INFOPLIST_FILE = SimpleFormTests/Info.plist;
				LD_RUNPATH_SEARCH_PATHS = "$(inherited) @executable_path/Frameworks @loader_path/Frameworks";
				PRODUCT_BUNDLE_IDENTIFIER = com.soffph.SimpleFormTests;
				PRODUCT_NAME = "$(TARGET_NAME)";
				SWIFT_VERSION = 4.0;
				TARGETED_DEVICE_FAMILY = "1,2";
				TEST_HOST = "$(BUILT_PRODUCTS_DIR)/SimpleForm.app/SimpleForm";
			};
			name = Debug;
		};
		91F226AD204A19B100663191 /* Release */ = {
			isa = XCBuildConfiguration;
			buildSettings = {
				ALWAYS_EMBED_SWIFT_STANDARD_LIBRARIES = YES;
				BUNDLE_LOADER = "$(TEST_HOST)";
				CODE_SIGN_STYLE = Automatic;
				INFOPLIST_FILE = SimpleFormTests/Info.plist;
				LD_RUNPATH_SEARCH_PATHS = "$(inherited) @executable_path/Frameworks @loader_path/Frameworks";
				PRODUCT_BUNDLE_IDENTIFIER = com.soffph.SimpleFormTests;
				PRODUCT_NAME = "$(TARGET_NAME)";
				SWIFT_VERSION = 4.0;
				TARGETED_DEVICE_FAMILY = "1,2";
				TEST_HOST = "$(BUILT_PRODUCTS_DIR)/SimpleForm.app/SimpleForm";
			};
			name = Release;
		};
		91F226AF204A19B100663191 /* Debug */ = {
			isa = XCBuildConfiguration;
			buildSettings = {
				ALWAYS_EMBED_SWIFT_STANDARD_LIBRARIES = YES;
				CODE_SIGN_STYLE = Automatic;
				INFOPLIST_FILE = SimpleFormUITests/Info.plist;
				LD_RUNPATH_SEARCH_PATHS = "$(inherited) @executable_path/Frameworks @loader_path/Frameworks";
				PRODUCT_BUNDLE_IDENTIFIER = com.soffph.SimpleFormUITests;
				PRODUCT_NAME = "$(TARGET_NAME)";
				SWIFT_VERSION = 4.0;
				TARGETED_DEVICE_FAMILY = "1,2";
				TEST_TARGET_NAME = SimpleForm;
			};
			name = Debug;
		};
		91F226B0204A19B100663191 /* Release */ = {
			isa = XCBuildConfiguration;
			buildSettings = {
				ALWAYS_EMBED_SWIFT_STANDARD_LIBRARIES = YES;
				CODE_SIGN_STYLE = Automatic;
				INFOPLIST_FILE = SimpleFormUITests/Info.plist;
				LD_RUNPATH_SEARCH_PATHS = "$(inherited) @executable_path/Frameworks @loader_path/Frameworks";
				PRODUCT_BUNDLE_IDENTIFIER = com.soffph.SimpleFormUITests;
				PRODUCT_NAME = "$(TARGET_NAME)";
				SWIFT_VERSION = 4.0;
				TARGETED_DEVICE_FAMILY = "1,2";
				TEST_TARGET_NAME = SimpleForm;
			};
			name = Release;
		};
/* End XCBuildConfiguration section */

/* Begin XCConfigurationList section */
		91F2267B204A19B100663191 /* Build configuration list for PBXProject "SimpleForm" */ = {
			isa = XCConfigurationList;
			buildConfigurations = (
				91F226A6204A19B100663191 /* Debug */,
				91F226A7204A19B100663191 /* Release */,
			);
			defaultConfigurationIsVisible = 0;
			defaultConfigurationName = Release;
		};
		91F226A8204A19B100663191 /* Build configuration list for PBXNativeTarget "SimpleForm" */ = {
			isa = XCConfigurationList;
			buildConfigurations = (
				91F226A9204A19B100663191 /* Debug */,
				91F226AA204A19B100663191 /* Release */,
			);
			defaultConfigurationIsVisible = 0;
			defaultConfigurationName = Release;
		};
		91F226AB204A19B100663191 /* Build configuration list for PBXNativeTarget "SimpleFormTests" */ = {
			isa = XCConfigurationList;
			buildConfigurations = (
				91F226AC204A19B100663191 /* Debug */,
				91F226AD204A19B100663191 /* Release */,
			);
			defaultConfigurationIsVisible = 0;
			defaultConfigurationName = Release;
		};
		91F226AE204A19B100663191 /* Build configuration list for PBXNativeTarget "SimpleFormUITests" */ = {
			isa = XCConfigurationList;
			buildConfigurations = (
				91F226AF204A19B100663191 /* Debug */,
				91F226B0204A19B100663191 /* Release */,
			);
			defaultConfigurationIsVisible = 0;
			defaultConfigurationName = Release;
		};
/* End XCConfigurationList section */
	};
	rootObject = 91F22678204A19B100663191 /* Project object */;
}
